// !$*UTF8*$!
{
	archiveVersion = 1;
	classes = {
	};
	objectVersion = 56;
	objects = {

/* Begin PBXBuildFile section */
		BD12290C2A4B28D1003C2B5C /* homePage.swift in Sources */ = {isa = PBXBuildFile; fileRef = BD12290B2A4B28D1003C2B5C /* homePage.swift */; };
		BD1AD9B12A4DF672009DEAE7 /* placesView.swift in Sources */ = {isa = PBXBuildFile; fileRef = BD1AD9B02A4DF672009DEAE7 /* placesView.swift */; };
		BD3605752A4C7E78009020E2 /* StringModel.swift in Sources */ = {isa = PBXBuildFile; fileRef = BD3605742A4C7E78009020E2 /* StringModel.swift */; };
		BD376A5A2A4F0B2B00BEC205 /* Hotels.swift in Sources */ = {isa = PBXBuildFile; fileRef = BD376A592A4F0B2B00BEC205 /* Hotels.swift */; };
		BD376A5C2A4F14DF00BEC205 /* secondView.swift in Sources */ = {isa = PBXBuildFile; fileRef = BD376A5B2A4F14DF00BEC205 /* secondView.swift */; };
		BD376A5E2A4F14E900BEC205 /* LocationView.swift in Sources */ = {isa = PBXBuildFile; fileRef = BD376A5D2A4F14E900BEC205 /* LocationView.swift */; };
		BD376A602A4F14F700BEC205 /* ModalSheetView.swift in Sources */ = {isa = PBXBuildFile; fileRef = BD376A5F2A4F14F700BEC205 /* ModalSheetView.swift */; };
		BD376A622A4F150800BEC205 /* SearchView.swift in Sources */ = {isa = PBXBuildFile; fileRef = BD376A612A4F150800BEC205 /* SearchView.swift */; };
		BD376A642A4F18AF00BEC205 /* travelAcct.swift in Sources */ = {isa = PBXBuildFile; fileRef = BD376A632A4F18AF00BEC205 /* travelAcct.swift */; };
		BD4E26682A4B1EBE00C084F4 /* homeView.swift in Sources */ = {isa = PBXBuildFile; fileRef = BD4E26672A4B1EBE00C084F4 /* homeView.swift */; };
		BD4E3DDC2A4DD90400DC074F /* bookingsPage.swift in Sources */ = {isa = PBXBuildFile; fileRef = BD4E3DDB2A4DD90400DC074F /* bookingsPage.swift */; };
		BD8E31D82A49D9750050BB51 /* finalAppApp.swift in Sources */ = {isa = PBXBuildFile; fileRef = BD8E31D72A49D9750050BB51 /* finalAppApp.swift */; };
		BD8E31DA2A49D9750050BB51 /* ContentView.swift in Sources */ = {isa = PBXBuildFile; fileRef = BD8E31D92A49D9750050BB51 /* ContentView.swift */; };
		BD8E31DC2A49D9760050BB51 /* Assets.xcassets in Resources */ = {isa = PBXBuildFile; fileRef = BD8E31DB2A49D9760050BB51 /* Assets.xcassets */; };
		BD8E31DF2A49D9760050BB51 /* Preview Assets.xcassets in Resources */ = {isa = PBXBuildFile; fileRef = BD8E31DE2A49D9760050BB51 /* Preview Assets.xcassets */; };
		BD8E31E92A49D9770050BB51 /* finalAppTests.swift in Sources */ = {isa = PBXBuildFile; fileRef = BD8E31E82A49D9770050BB51 /* finalAppTests.swift */; };
		BD8E31F32A49D9770050BB51 /* finalAppUITests.swift in Sources */ = {isa = PBXBuildFile; fileRef = BD8E31F22A49D9770050BB51 /* finalAppUITests.swift */; };
		BD8E31F52A49D9770050BB51 /* finalAppUITestsLaunchTests.swift in Sources */ = {isa = PBXBuildFile; fileRef = BD8E31F42A49D9770050BB51 /* finalAppUITestsLaunchTests.swift */; };
/* End PBXBuildFile section */

/* Begin PBXContainerItemProxy section */
		BD8E31E52A49D9770050BB51 /* PBXContainerItemProxy */ = {
			isa = PBXContainerItemProxy;
			containerPortal = BD8E31CC2A49D9750050BB51 /* Project object */;
			proxyType = 1;
			remoteGlobalIDString = BD8E31D32A49D9750050BB51;
			remoteInfo = finalApp;
		};
		BD8E31EF2A49D9770050BB51 /* PBXContainerItemProxy */ = {
			isa = PBXContainerItemProxy;
			containerPortal = BD8E31CC2A49D9750050BB51 /* Project object */;
			proxyType = 1;
			remoteGlobalIDString = BD8E31D32A49D9750050BB51;
			remoteInfo = finalApp;
		};
/* End PBXContainerItemProxy section */

/* Begin PBXFileReference section */
		BD12290B2A4B28D1003C2B5C /* homePage.swift */ = {isa = PBXFileReference; lastKnownFileType = sourcecode.swift; path = homePage.swift; sourceTree = "<group>"; };
		BD1AD9B02A4DF672009DEAE7 /* placesView.swift */ = {isa = PBXFileReference; lastKnownFileType = sourcecode.swift; path = placesView.swift; sourceTree = "<group>"; };
		BD3605742A4C7E78009020E2 /* StringModel.swift */ = {isa = PBXFileReference; lastKnownFileType = sourcecode.swift; path = StringModel.swift; sourceTree = "<group>"; };
		BD376A592A4F0B2B00BEC205 /* Hotels.swift */ = {isa = PBXFileReference; lastKnownFileType = sourcecode.swift; path = Hotels.swift; sourceTree = "<group>"; };
		BD376A5B2A4F14DF00BEC205 /* secondView.swift */ = {isa = PBXFileReference; lastKnownFileType = sourcecode.swift; path = secondView.swift; sourceTree = "<group>"; };
		BD376A5D2A4F14E900BEC205 /* LocationView.swift */ = {isa = PBXFileReference; lastKnownFileType = sourcecode.swift; path = LocationView.swift; sourceTree = "<group>"; };
		BD376A5F2A4F14F700BEC205 /* ModalSheetView.swift */ = {isa = PBXFileReference; lastKnownFileType = sourcecode.swift; path = ModalSheetView.swift; sourceTree = "<group>"; };
		BD376A612A4F150800BEC205 /* SearchView.swift */ = {isa = PBXFileReference; lastKnownFileType = sourcecode.swift; path = SearchView.swift; sourceTree = "<group>"; };
		BD376A632A4F18AF00BEC205 /* travelAcct.swift */ = {isa = PBXFileReference; lastKnownFileType = sourcecode.swift; path = travelAcct.swift; sourceTree = "<group>"; };
		BD4E26672A4B1EBE00C084F4 /* homeView.swift */ = {isa = PBXFileReference; lastKnownFileType = sourcecode.swift; path = homeView.swift; sourceTree = "<group>"; };
		BD4E3DDB2A4DD90400DC074F /* bookingsPage.swift */ = {isa = PBXFileReference; lastKnownFileType = sourcecode.swift; path = bookingsPage.swift; sourceTree = "<group>"; };
		BD8E31D42A49D9750050BB51 /* finalApp.app */ = {isa = PBXFileReference; explicitFileType = wrapper.application; includeInIndex = 0; path = finalApp.app; sourceTree = BUILT_PRODUCTS_DIR; };
		BD8E31D72A49D9750050BB51 /* finalAppApp.swift */ = {isa = PBXFileReference; lastKnownFileType = sourcecode.swift; path = finalAppApp.swift; sourceTree = "<group>"; };
		BD8E31D92A49D9750050BB51 /* ContentView.swift */ = {isa = PBXFileReference; lastKnownFileType = sourcecode.swift; path = ContentView.swift; sourceTree = "<group>"; };
		BD8E31DB2A49D9760050BB51 /* Assets.xcassets */ = {isa = PBXFileReference; lastKnownFileType = folder.assetcatalog; path = Assets.xcassets; sourceTree = "<group>"; };
		BD8E31DE2A49D9760050BB51 /* Preview Assets.xcassets */ = {isa = PBXFileReference; lastKnownFileType = folder.assetcatalog; path = "Preview Assets.xcassets"; sourceTree = "<group>"; };
		BD8E31E42A49D9770050BB51 /* finalAppTests.xctest */ = {isa = PBXFileReference; explicitFileType = wrapper.cfbundle; includeInIndex = 0; path = finalAppTests.xctest; sourceTree = BUILT_PRODUCTS_DIR; };
		BD8E31E82A49D9770050BB51 /* finalAppTests.swift */ = {isa = PBXFileReference; lastKnownFileType = sourcecode.swift; path = finalAppTests.swift; sourceTree = "<group>"; };
		BD8E31EE2A49D9770050BB51 /* finalAppUITests.xctest */ = {isa = PBXFileReference; explicitFileType = wrapper.cfbundle; includeInIndex = 0; path = finalAppUITests.xctest; sourceTree = BUILT_PRODUCTS_DIR; };
		BD8E31F22A49D9770050BB51 /* finalAppUITests.swift */ = {isa = PBXFileReference; lastKnownFileType = sourcecode.swift; path = finalAppUITests.swift; sourceTree = "<group>"; };
		BD8E31F42A49D9770050BB51 /* finalAppUITestsLaunchTests.swift */ = {isa = PBXFileReference; lastKnownFileType = sourcecode.swift; path = finalAppUITestsLaunchTests.swift; sourceTree = "<group>"; };
/* End PBXFileReference section */

/* Begin PBXFrameworksBuildPhase section */
		BD8E31D12A49D9750050BB51 /* Frameworks */ = {
			isa = PBXFrameworksBuildPhase;
			buildActionMask = 2147483647;
			files = (
			);
			runOnlyForDeploymentPostprocessing = 0;
		};
		BD8E31E12A49D9770050BB51 /* Frameworks */ = {
			isa = PBXFrameworksBuildPhase;
			buildActionMask = 2147483647;
			files = (
			);
			runOnlyForDeploymentPostprocessing = 0;
		};
		BD8E31EB2A49D9770050BB51 /* Frameworks */ = {
			isa = PBXFrameworksBuildPhase;
			buildActionMask = 2147483647;
			files = (
			);
			runOnlyForDeploymentPostprocessing = 0;
		};
/* End PBXFrameworksBuildPhase section */

/* Begin PBXGroup section */
		BD8E31CB2A49D9750050BB51 = {
			isa = PBXGroup;
			children = (
				BD1AD9B02A4DF672009DEAE7 /* placesView.swift */,
				BD376A592A4F0B2B00BEC205 /* Hotels.swift */,
				BD376A5B2A4F14DF00BEC205 /* secondView.swift */,
				BD376A5D2A4F14E900BEC205 /* LocationView.swift */,
				BD376A5F2A4F14F700BEC205 /* ModalSheetView.swift */,
				BD376A612A4F150800BEC205 /* SearchView.swift */,
				BD4E3DDB2A4DD90400DC074F /* bookingsPage.swift */,
				BD3605742A4C7E78009020E2 /* StringModel.swift */,
				BD8E31D62A49D9750050BB51 /* finalApp */,
				BD8E31E72A49D9770050BB51 /* finalAppTests */,
				BD8E31F12A49D9770050BB51 /* finalAppUITests */,
				BD8E31D52A49D9750050BB51 /* Products */,
			);
			sourceTree = "<group>";
		};
		BD8E31D52A49D9750050BB51 /* Products */ = {
			isa = PBXGroup;
			children = (
				BD8E31D42A49D9750050BB51 /* finalApp.app */,
				BD8E31E42A49D9770050BB51 /* finalAppTests.xctest */,
				BD8E31EE2A49D9770050BB51 /* finalAppUITests.xctest */,
			);
			name = Products;
			sourceTree = "<group>";
		};
		BD8E31D62A49D9750050BB51 /* finalApp */ = {
			isa = PBXGroup;
			children = (
				BD8E31D72A49D9750050BB51 /* finalAppApp.swift */,
				BD8E31D92A49D9750050BB51 /* ContentView.swift */,
				BD4E26672A4B1EBE00C084F4 /* homeView.swift */,
				BD12290B2A4B28D1003C2B5C /* homePage.swift */,
				BD376A632A4F18AF00BEC205 /* travelAcct.swift */,
				BD8E31DB2A49D9760050BB51 /* Assets.xcassets */,
				BD8E31DD2A49D9760050BB51 /* Preview Content */,
			);
			path = finalApp;
			sourceTree = "<group>";
		};
		BD8E31DD2A49D9760050BB51 /* Preview Content */ = {
			isa = PBXGroup;
			children = (
				BD8E31DE2A49D9760050BB51 /* Preview Assets.xcassets */,
			);
			path = "Preview Content";
			sourceTree = "<group>";
		};
		BD8E31E72A49D9770050BB51 /* finalAppTests */ = {
			isa = PBXGroup;
			children = (
				BD8E31E82A49D9770050BB51 /* finalAppTests.swift */,
			);
			path = finalAppTests;
			sourceTree = "<group>";
		};
		BD8E31F12A49D9770050BB51 /* finalAppUITests */ = {
			isa = PBXGroup;
			children = (
				BD8E31F22A49D9770050BB51 /* finalAppUITests.swift */,
				BD8E31F42A49D9770050BB51 /* finalAppUITestsLaunchTests.swift */,
			);
			path = finalAppUITests;
			sourceTree = "<group>";
		};
/* End PBXGroup section */

/* Begin PBXNativeTarget section */
		BD8E31D32A49D9750050BB51 /* finalApp */ = {
			isa = PBXNativeTarget;
			buildConfigurationList = BD8E31F82A49D9770050BB51 /* Build configuration list for PBXNativeTarget "finalApp" */;
			buildPhases = (
				BD8E31D02A49D9750050BB51 /* Sources */,
				BD8E31D12A49D9750050BB51 /* Frameworks */,
				BD8E31D22A49D9750050BB51 /* Resources */,
			);
			buildRules = (
			);
			dependencies = (
			);
			name = finalApp;
			productName = finalApp;
			productReference = BD8E31D42A49D9750050BB51 /* finalApp.app */;
			productType = "com.apple.product-type.application";
		};
		BD8E31E32A49D9770050BB51 /* finalAppTests */ = {
			isa = PBXNativeTarget;
			buildConfigurationList = BD8E31FB2A49D9770050BB51 /* Build configuration list for PBXNativeTarget "finalAppTests" */;
			buildPhases = (
				BD8E31E02A49D9770050BB51 /* Sources */,
				BD8E31E12A49D9770050BB51 /* Frameworks */,
				BD8E31E22A49D9770050BB51 /* Resources */,
			);
			buildRules = (
			);
			dependencies = (
				BD8E31E62A49D9770050BB51 /* PBXTargetDependency */,
			);
			name = finalAppTests;
			productName = finalAppTests;
			productReference = BD8E31E42A49D9770050BB51 /* finalAppTests.xctest */;
			productType = "com.apple.product-type.bundle.unit-test";
		};
		BD8E31ED2A49D9770050BB51 /* finalAppUITests */ = {
			isa = PBXNativeTarget;
			buildConfigurationList = BD8E31FE2A49D9770050BB51 /* Build configuration list for PBXNativeTarget "finalAppUITests" */;
			buildPhases = (
				BD8E31EA2A49D9770050BB51 /* Sources */,
				BD8E31EB2A49D9770050BB51 /* Frameworks */,
				BD8E31EC2A49D9770050BB51 /* Resources */,
			);
			buildRules = (
			);
			dependencies = (
				BD8E31F02A49D9770050BB51 /* PBXTargetDependency */,
			);
			name = finalAppUITests;
			productName = finalAppUITests;
			productReference = BD8E31EE2A49D9770050BB51 /* finalAppUITests.xctest */;
			productType = "com.apple.product-type.bundle.ui-testing";
		};
/* End PBXNativeTarget section */

/* Begin PBXProject section */
		BD8E31CC2A49D9750050BB51 /* Project object */ = {
			isa = PBXProject;
			attributes = {
				BuildIndependentTargetsInParallel = 1;
				LastSwiftUpdateCheck = 1430;
				LastUpgradeCheck = 1430;
				TargetAttributes = {
					BD8E31D32A49D9750050BB51 = {
						CreatedOnToolsVersion = 14.3.1;
					};
					BD8E31E32A49D9770050BB51 = {
						CreatedOnToolsVersion = 14.3.1;
						TestTargetID = BD8E31D32A49D9750050BB51;
					};
					BD8E31ED2A49D9770050BB51 = {
						CreatedOnToolsVersion = 14.3.1;
						TestTargetID = BD8E31D32A49D9750050BB51;
					};
				};
			};
			buildConfigurationList = BD8E31CF2A49D9750050BB51 /* Build configuration list for PBXProject "finalApp" */;
			compatibilityVersion = "Xcode 14.0";
			developmentRegion = en;
			hasScannedForEncodings = 0;
			knownRegions = (
				en,
				Base,
			);
			mainGroup = BD8E31CB2A49D9750050BB51;
			productRefGroup = BD8E31D52A49D9750050BB51 /* Products */;
			projectDirPath = "";
			projectRoot = "";
			targets = (
				BD8E31D32A49D9750050BB51 /* finalApp */,
				BD8E31E32A49D9770050BB51 /* finalAppTests */,
				BD8E31ED2A49D9770050BB51 /* finalAppUITests */,
			);
		};
/* End PBXProject section */

/* Begin PBXResourcesBuildPhase section */
		BD8E31D22A49D9750050BB51 /* Resources */ = {
			isa = PBXResourcesBuildPhase;
			buildActionMask = 2147483647;
			files = (
				BD8E31DF2A49D9760050BB51 /* Preview Assets.xcassets in Resources */,
				BD8E31DC2A49D9760050BB51 /* Assets.xcassets in Resources */,
			);
			runOnlyForDeploymentPostprocessing = 0;
		};
		BD8E31E22A49D9770050BB51 /* Resources */ = {
			isa = PBXResourcesBuildPhase;
			buildActionMask = 2147483647;
			files = (
			);
			runOnlyForDeploymentPostprocessing = 0;
		};
		BD8E31EC2A49D9770050BB51 /* Resources */ = {
			isa = PBXResourcesBuildPhase;
			buildActionMask = 2147483647;
			files = (
			);
			runOnlyForDeploymentPostprocessing = 0;
		};
/* End PBXResourcesBuildPhase section */

/* Begin PBXSourcesBuildPhase section */
		BD8E31D02A49D9750050BB51 /* Sources */ = {
			isa = PBXSourcesBuildPhase;
			buildActionMask = 2147483647;
			files = (
				BD376A602A4F14F700BEC205 /* ModalSheetView.swift in Sources */,
				BD376A5A2A4F0B2B00BEC205 /* Hotels.swift in Sources */,
				BD376A642A4F18AF00BEC205 /* travelAcct.swift in Sources */,
				BD1AD9B12A4DF672009DEAE7 /* placesView.swift in Sources */,
				BD8E31DA2A49D9750050BB51 /* ContentView.swift in Sources */,
				BD3605752A4C7E78009020E2 /* StringModel.swift in Sources */,
				BD8E31D82A49D9750050BB51 /* finalAppApp.swift in Sources */,
				BD376A5E2A4F14E900BEC205 /* LocationView.swift in Sources */,
				BD376A622A4F150800BEC205 /* SearchView.swift in Sources */,
				BD376A5C2A4F14DF00BEC205 /* secondView.swift in Sources */,
				BD4E26682A4B1EBE00C084F4 /* homeView.swift in Sources */,
				BD4E3DDC2A4DD90400DC074F /* bookingsPage.swift in Sources */,
				BD12290C2A4B28D1003C2B5C /* homePage.swift in Sources */,
			);
			runOnlyForDeploymentPostprocessing = 0;
		};
		BD8E31E02A49D9770050BB51 /* Sources */ = {
			isa = PBXSourcesBuildPhase;
			buildActionMask = 2147483647;
			files = (
				BD8E31E92A49D9770050BB51 /* finalAppTests.swift in Sources */,
			);
			runOnlyForDeploymentPostprocessing = 0;
		};
		BD8E31EA2A49D9770050BB51 /* Sources */ = {
			isa = PBXSourcesBuildPhase;
			buildActionMask = 2147483647;
			files = (
				BD8E31F52A49D9770050BB51 /* finalAppUITestsLaunchTests.swift in Sources */,
				BD8E31F32A49D9770050BB51 /* finalAppUITests.swift in Sources */,
			);
			runOnlyForDeploymentPostprocessing = 0;
		};
/* End PBXSourcesBuildPhase section */

/* Begin PBXTargetDependency section */
		BD8E31E62A49D9770050BB51 /* PBXTargetDependency */ = {
			isa = PBXTargetDependency;
			target = BD8E31D32A49D9750050BB51 /* finalApp */;
			targetProxy = BD8E31E52A49D9770050BB51 /* PBXContainerItemProxy */;
		};
		BD8E31F02A49D9770050BB51 /* PBXTargetDependency */ = {
			isa = PBXTargetDependency;
			target = BD8E31D32A49D9750050BB51 /* finalApp */;
			targetProxy = BD8E31EF2A49D9770050BB51 /* PBXContainerItemProxy */;
		};
/* End PBXTargetDependency section */

/* Begin XCBuildConfiguration section */
		BD8E31F62A49D9770050BB51 /* Debug */ = {
			isa = XCBuildConfiguration;
			buildSettings = {
				ALWAYS_SEARCH_USER_PATHS = NO;
				CLANG_ANALYZER_NONNULL = YES;
				CLANG_ANALYZER_NUMBER_OBJECT_CONVERSION = YES_AGGRESSIVE;
				CLANG_CXX_LANGUAGE_STANDARD = "gnu++20";
				CLANG_ENABLE_MODULES = YES;
				CLANG_ENABLE_OBJC_ARC = YES;
				CLANG_ENABLE_OBJC_WEAK = YES;
				CLANG_WARN_BLOCK_CAPTURE_AUTORELEASING = YES;
				CLANG_WARN_BOOL_CONVERSION = YES;
				CLANG_WARN_COMMA = YES;
				CLANG_WARN_CONSTANT_CONVERSION = YES;
				CLANG_WARN_DEPRECATED_OBJC_IMPLEMENTATIONS = YES;
				CLANG_WARN_DIRECT_OBJC_ISA_USAGE = YES_ERROR;
				CLANG_WARN_DOCUMENTATION_COMMENTS = YES;
				CLANG_WARN_EMPTY_BODY = YES;
				CLANG_WARN_ENUM_CONVERSION = YES;
				CLANG_WARN_INFINITE_RECURSION = YES;
				CLANG_WARN_INT_CONVERSION = YES;
				CLANG_WARN_NON_LITERAL_NULL_CONVERSION = YES;
				CLANG_WARN_OBJC_IMPLICIT_RETAIN_SELF = YES;
				CLANG_WARN_OBJC_LITERAL_CONVERSION = YES;
				CLANG_WARN_OBJC_ROOT_CLASS = YES_ERROR;
				CLANG_WARN_QUOTED_INCLUDE_IN_FRAMEWORK_HEADER = YES;
				CLANG_WARN_RANGE_LOOP_ANALYSIS = YES;
				CLANG_WARN_STRICT_PROTOTYPES = YES;
				CLANG_WARN_SUSPICIOUS_MOVE = YES;
				CLANG_WARN_UNGUARDED_AVAILABILITY = YES_AGGRESSIVE;
				CLANG_WARN_UNREACHABLE_CODE = YES;
				CLANG_WARN__DUPLICATE_METHOD_MATCH = YES;
				COPY_PHASE_STRIP = NO;
				DEBUG_INFORMATION_FORMAT = dwarf;
				ENABLE_STRICT_OBJC_MSGSEND = YES;
				ENABLE_TESTABILITY = YES;
				GCC_C_LANGUAGE_STANDARD = gnu11;
				GCC_DYNAMIC_NO_PIC = NO;
				GCC_NO_COMMON_BLOCKS = YES;
				GCC_OPTIMIZATION_LEVEL = 0;
				GCC_PREPROCESSOR_DEFINITIONS = (
					"DEBUG=1",
					"$(inherited)",
				);
				GCC_WARN_64_TO_32_BIT_CONVERSION = YES;
				GCC_WARN_ABOUT_RETURN_TYPE = YES_ERROR;
				GCC_WARN_UNDECLARED_SELECTOR = YES;
				GCC_WARN_UNINITIALIZED_AUTOS = YES_AGGRESSIVE;
				GCC_WARN_UNUSED_FUNCTION = YES;
				GCC_WARN_UNUSED_VARIABLE = YES;
				IPHONEOS_DEPLOYMENT_TARGET = 16.4;
				MTL_ENABLE_DEBUG_INFO = INCLUDE_SOURCE;
				MTL_FAST_MATH = YES;
				ONLY_ACTIVE_ARCH = YES;
				SDKROOT = iphoneos;
				SWIFT_ACTIVE_COMPILATION_CONDITIONS = DEBUG;
				SWIFT_OPTIMIZATION_LEVEL = "-Onone";
			};
			name = Debug;
		};
		BD8E31F72A49D9770050BB51 /* Release */ = {
			isa = XCBuildConfiguration;
			buildSettings = {
				ALWAYS_SEARCH_USER_PATHS = NO;
				CLANG_ANALYZER_NONNULL = YES;
				CLANG_ANALYZER_NUMBER_OBJECT_CONVERSION = YES_AGGRESSIVE;
				CLANG_CXX_LANGUAGE_STANDARD = "gnu++20";
				CLANG_ENABLE_MODULES = YES;
				CLANG_ENABLE_OBJC_ARC = YES;
				CLANG_ENABLE_OBJC_WEAK = YES;
				CLANG_WARN_BLOCK_CAPTURE_AUTORELEASING = YES;
				CLANG_WARN_BOOL_CONVERSION = YES;
				CLANG_WARN_COMMA = YES;
				CLANG_WARN_CONSTANT_CONVERSION = YES;
				CLANG_WARN_DEPRECATED_OBJC_IMPLEMENTATIONS = YES;
				CLANG_WARN_DIRECT_OBJC_ISA_USAGE = YES_ERROR;
				CLANG_WARN_DOCUMENTATION_COMMENTS = YES;
				CLANG_WARN_EMPTY_BODY = YES;
				CLANG_WARN_ENUM_CONVERSION = YES;
				CLANG_WARN_INFINITE_RECURSION = YES;
				CLANG_WARN_INT_CONVERSION = YES;
				CLANG_WARN_NON_LITERAL_NULL_CONVERSION = YES;
				CLANG_WARN_OBJC_IMPLICIT_RETAIN_SELF = YES;
				CLANG_WARN_OBJC_LITERAL_CONVERSION = YES;
				CLANG_WARN_OBJC_ROOT_CLASS = YES_ERROR;
				CLANG_WARN_QUOTED_INCLUDE_IN_FRAMEWORK_HEADER = YES;
				CLANG_WARN_RANGE_LOOP_ANALYSIS = YES;
				CLANG_WARN_STRICT_PROTOTYPES = YES;
				CLANG_WARN_SUSPICIOUS_MOVE = YES;
				CLANG_WARN_UNGUARDED_AVAILABILITY = YES_AGGRESSIVE;
				CLANG_WARN_UNREACHABLE_CODE = YES;
				CLANG_WARN__DUPLICATE_METHOD_MATCH = YES;
				COPY_PHASE_STRIP = NO;
				DEBUG_INFORMATION_FORMAT = "dwarf-with-dsym";
				ENABLE_NS_ASSERTIONS = NO;
				ENABLE_STRICT_OBJC_MSGSEND = YES;
				GCC_C_LANGUAGE_STANDARD = gnu11;
				GCC_NO_COMMON_BLOCKS = YES;
				GCC_WARN_64_TO_32_BIT_CONVERSION = YES;
				GCC_WARN_ABOUT_RETURN_TYPE = YES_ERROR;
				GCC_WARN_UNDECLARED_SELECTOR = YES;
				GCC_WARN_UNINITIALIZED_AUTOS = YES_AGGRESSIVE;
				GCC_WARN_UNUSED_FUNCTION = YES;
				GCC_WARN_UNUSED_VARIABLE = YES;
				IPHONEOS_DEPLOYMENT_TARGET = 16.4;
				MTL_ENABLE_DEBUG_INFO = NO;
				MTL_FAST_MATH = YES;
				SDKROOT = iphoneos;
				SWIFT_COMPILATION_MODE = wholemodule;
				SWIFT_OPTIMIZATION_LEVEL = "-O";
				VALIDATE_PRODUCT = YES;
			};
			name = Release;
		};
		BD8E31F92A49D9770050BB51 /* Debug */ = {
			isa = XCBuildConfiguration;
			buildSettings = {
				ASSETCATALOG_COMPILER_APPICON_NAME = AppIcon;
				ASSETCATALOG_COMPILER_GLOBAL_ACCENT_COLOR_NAME = AccentColor;
				CODE_SIGN_STYLE = Automatic;
				CURRENT_PROJECT_VERSION = 1;
				DEVELOPMENT_ASSET_PATHS = "\"finalApp/Preview Content\"";
				ENABLE_PREVIEWS = YES;
				GENERATE_INFOPLIST_FILE = YES;
				INFOPLIST_KEY_UIApplicationSceneManifest_Generation = YES;
				INFOPLIST_KEY_UIApplicationSupportsIndirectInputEvents = YES;
				INFOPLIST_KEY_UILaunchScreen_Generation = YES;
				INFOPLIST_KEY_UISupportedInterfaceOrientations_iPad = "UIInterfaceOrientationPortrait UIInterfaceOrientationPortraitUpsideDown UIInterfaceOrientationLandscapeLeft UIInterfaceOrientationLandscapeRight";
				INFOPLIST_KEY_UISupportedInterfaceOrientations_iPhone = "UIInterfaceOrientationPortrait UIInterfaceOrientationLandscapeLeft UIInterfaceOrientationLandscapeRight";
				LD_RUNPATH_SEARCH_PATHS = (
					"$(inherited)",
					"@executable_path/Frameworks",
				);
				MARKETING_VERSION = 1.0;
				PRODUCT_BUNDLE_IDENTIFIER = KWK.finalApp;
				PRODUCT_NAME = "$(TARGET_NAME)";
				SWIFT_EMIT_LOC_STRINGS = YES;
				SWIFT_VERSION = 5.0;
				TARGETED_DEVICE_FAMILY = "1,2";
			};
			name = Debug;
		};
		BD8E31FA2A49D9770050BB51 /* Release */ = {
			isa = XCBuildConfiguration;
			buildSettings = {
				ASSETCATALOG_COMPILER_APPICON_NAME = AppIcon;
				ASSETCATALOG_COMPILER_GLOBAL_ACCENT_COLOR_NAME = AccentColor;
				CODE_SIGN_STYLE = Automatic;
				CURRENT_PROJECT_VERSION = 1;
				DEVELOPMENT_ASSET_PATHS = "\"finalApp/Preview Content\"";
				ENABLE_PREVIEWS = YES;
				GENERATE_INFOPLIST_FILE = YES;
				INFOPLIST_KEY_UIApplicationSceneManifest_Generation = YES;
				INFOPLIST_KEY_UIApplicationSupportsIndirectInputEvents = YES;
				INFOPLIST_KEY_UILaunchScreen_Generation = YES;
				INFOPLIST_KEY_UISupportedInterfaceOrientations_iPad = "UIInterfaceOrientationPortrait UIInterfaceOrientationPortraitUpsideDown UIInterfaceOrientationLandscapeLeft UIInterfaceOrientationLandscapeRight";
				INFOPLIST_KEY_UISupportedInterfaceOrientations_iPhone = "UIInterfaceOrientationPortrait UIInterfaceOrientationLandscapeLeft UIInterfaceOrientationLandscapeRight";
				LD_RUNPATH_SEARCH_PATHS = (
					"$(inherited)",
					"@executable_path/Frameworks",
				);
				MARKETING_VERSION = 1.0;
				PRODUCT_BUNDLE_IDENTIFIER = KWK.finalApp;
				PRODUCT_NAME = "$(TARGET_NAME)";
				SWIFT_EMIT_LOC_STRINGS = YES;
				SWIFT_VERSION = 5.0;
				TARGETED_DEVICE_FAMILY = "1,2";
			};
			name = Release;
		};
		BD8E31FC2A49D9770050BB51 /* Debug */ = {
			isa = XCBuildConfiguration;
			buildSettings = {
				ALWAYS_EMBED_SWIFT_STANDARD_LIBRARIES = YES;
				BUNDLE_LOADER = "$(TEST_HOST)";
				CODE_SIGN_STYLE = Automatic;
				CURRENT_PROJECT_VERSION = 1;
				GENERATE_INFOPLIST_FILE = YES;
				IPHONEOS_DEPLOYMENT_TARGET = 16.4;
				MARKETING_VERSION = 1.0;
				PRODUCT_BUNDLE_IDENTIFIER = KWK.finalAppTests;
				PRODUCT_NAME = "$(TARGET_NAME)";
				SWIFT_EMIT_LOC_STRINGS = NO;
				SWIFT_VERSION = 5.0;
				TARGETED_DEVICE_FAMILY = "1,2";
				TEST_HOST = "$(BUILT_PRODUCTS_DIR)/finalApp.app/$(BUNDLE_EXECUTABLE_FOLDER_PATH)/finalApp";
			};
			name = Debug;
		};
		BD8E31FD2A49D9770050BB51 /* Release */ = {
			isa = XCBuildConfiguration;
			buildSettings = {
				ALWAYS_EMBED_SWIFT_STANDARD_LIBRARIES = YES;
				BUNDLE_LOADER = "$(TEST_HOST)";
				CODE_SIGN_STYLE = Automatic;
				CURRENT_PROJECT_VERSION = 1;
				GENERATE_INFOPLIST_FILE = YES;
				IPHONEOS_DEPLOYMENT_TARGET = 16.4;
				MARKETING_VERSION = 1.0;
				PRODUCT_BUNDLE_IDENTIFIER = KWK.finalAppTests;
				PRODUCT_NAME = "$(TARGET_NAME)";
				SWIFT_EMIT_LOC_STRINGS = NO;
				SWIFT_VERSION = 5.0;
				TARGETED_DEVICE_FAMILY = "1,2";
				TEST_HOST = "$(BUILT_PRODUCTS_DIR)/finalApp.app/$(BUNDLE_EXECUTABLE_FOLDER_PATH)/finalApp";
			};
			name = Release;
		};
		BD8E31FF2A49D9770050BB51 /* Debug */ = {
			isa = XCBuildConfiguration;
			buildSettings = {
				ALWAYS_EMBED_SWIFT_STANDARD_LIBRARIES = YES;
				CODE_SIGN_STYLE = Automatic;
				CURRENT_PROJECT_VERSION = 1;
				GENERATE_INFOPLIST_FILE = YES;
				MARKETING_VERSION = 1.0;
				PRODUCT_BUNDLE_IDENTIFIER = KWK.finalAppUITests;
				PRODUCT_NAME = "$(TARGET_NAME)";
				SWIFT_EMIT_LOC_STRINGS = NO;
				SWIFT_VERSION = 5.0;
				TARGETED_DEVICE_FAMILY = "1,2";
				TEST_TARGET_NAME = finalApp;
			};
			name = Debug;
		};
		BD8E32002A49D9770050BB51 /* Release */ = {
			isa = XCBuildConfiguration;
			buildSettings = {
				ALWAYS_EMBED_SWIFT_STANDARD_LIBRARIES = YES;
				CODE_SIGN_STYLE = Automatic;
				CURRENT_PROJECT_VERSION = 1;
				GENERATE_INFOPLIST_FILE = YES;
				MARKETING_VERSION = 1.0;
				PRODUCT_BUNDLE_IDENTIFIER = KWK.finalAppUITests;
				PRODUCT_NAME = "$(TARGET_NAME)";
				SWIFT_EMIT_LOC_STRINGS = NO;
				SWIFT_VERSION = 5.0;
				TARGETED_DEVICE_FAMILY = "1,2";
				TEST_TARGET_NAME = finalApp;
			};
			name = Release;
		};
/* End XCBuildConfiguration section */

/* Begin XCConfigurationList section */
		BD8E31CF2A49D9750050BB51 /* Build configuration list for PBXProject "finalApp" */ = {
			isa = XCConfigurationList;
			buildConfigurations = (
				BD8E31F62A49D9770050BB51 /* Debug */,
				BD8E31F72A49D9770050BB51 /* Release */,
			);
			defaultConfigurationIsVisible = 0;
			defaultConfigurationName = Release;
		};
		BD8E31F82A49D9770050BB51 /* Build configuration list for PBXNativeTarget "finalApp" */ = {
			isa = XCConfigurationList;
			buildConfigurations = (
				BD8E31F92A49D9770050BB51 /* Debug */,
				BD8E31FA2A49D9770050BB51 /* Release */,
			);
			defaultConfigurationIsVisible = 0;
			defaultConfigurationName = Release;
		};
		BD8E31FB2A49D9770050BB51 /* Build configuration list for PBXNativeTarget "finalAppTests" */ = {
			isa = XCConfigurationList;
			buildConfigurations = (
				BD8E31FC2A49D9770050BB51 /* Debug */,
				BD8E31FD2A49D9770050BB51 /* Release */,
			);
			defaultConfigurationIsVisible = 0;
			defaultConfigurationName = Release;
		};
		BD8E31FE2A49D9770050BB51 /* Build configuration list for PBXNativeTarget "finalAppUITests" */ = {
			isa = XCConfigurationList;
			buildConfigurations = (
				BD8E31FF2A49D9770050BB51 /* Debug */,
				BD8E32002A49D9770050BB51 /* Release */,
			);
			defaultConfigurationIsVisible = 0;
			defaultConfigurationName = Release;
		};
/* End XCConfigurationList section */
	};
	rootObject = BD8E31CC2A49D9750050BB51 /* Project object */;
}
